
Microsoft Visual Studio Solution File, Format Version 12.00
# Visual Studio 14
VisualStudioVersion = 14.0.25123.0
MinimumVisualStudioVersion = 10.0.40219.1
Project("{FAE04EC0-301F-11D3-BF4B-00C04F79EFBC}") = "Attributes.Testing", "Attributes.Testing.csproj", "{AA4D3D35-7A8A-4C0E-B0B1-3E5481CF9C70}"
EndProject
Global
	GlobalSection(SolutionConfigurationPlatforms) = preSolution
		Debug|Any CPU = Debug|Any CPU
		Release|Any CPU = Release|Any CPU
	EndGlobalSection
	GlobalSection(ProjectConfigurationPlatforms) = postSolution
		{AA4D3D35-7A8A-4C0E-B0B1-3E5481CF9C70}.Debug|Any CPU.ActiveCfg = Debug|Any CPU
		{AA4D3D35-7A8A-4C0E-B0B1-3E5481CF9C70}.Debug|Any CPU.Build.0 = Debug|Any CPU
		{AA4D3D35-7A8A-4C0E-B0B1-3E5481CF9C70}.Release|Any CPU.ActiveCfg = Release|Any CPU
		{AA4D3D35-7A8A-4C0E-B0B1-3E5481CF9C70}.Release|Any CPU.Build.0 = Release|Any CPU
	EndGlobalSection
	GlobalSection(SolutionProperties) = preSolution
		HideSolutionNode = FALSE
	EndGlobalSection
EndGlobal
